
Microsoft Visual Studio Solution File, Format Version 12.00
# Visual Studio 15
VisualStudioVersion = 15.0.27703.2035
MinimumVisualStudioVersion = 10.0.40219.1
Project("{8BC9CEB8-8B4A-11D0-8D11-00A0C91BC942}") = "Document-Perspective-Corrector", "Document-Perspective-Corrector\Document-Perspective-Corrector.vcxproj", "{89FB9F20-DE18-4CA5-8908-1C510081C72B}"
EndProject
Project("{8BC9CEB8-8B4A-11D0-8D11-00A0C91BC942}") = "Perspective-Corrector-Test", "Perspective-Corrector-Test\Perspective-Corrector-Test.vcxproj", "{676123E8-853E-41EF-A7E6-B3C4E81CB518}"
EndProject
Global
	GlobalSection(SolutionConfigurationPlatforms) = preSolution
		Debug|x64 = Debug|x64
		Debug|x86 = Debug|x86
		Release|x64 = Release|x64
		Release|x86 = Release|x86
	EndGlobalSection
	GlobalSection(ProjectConfigurationPlatforms) = postSolution
		{89FB9F20-DE18-4CA5-8908-1C510081C72B}.Debug|x64.ActiveCfg = Debug|x64
		{89FB9F20-DE18-4CA5-8908-1C510081C72B}.Debug|x64.Build.0 = Debug|x64
		{89FB9F20-DE18-4CA5-8908-1C510081C72B}.Debug|x86.ActiveCfg = Debug|Win32
		{89FB9F20-DE18-4CA5-8908-1C510081C72B}.Debug|x86.Build.0 = Debug|Win32
		{89FB9F20-DE18-4CA5-8908-1C510081C72B}.Release|x64.ActiveCfg = Release|x64
		{89FB9F20-DE18-4CA5-8908-1C510081C72B}.Release|x64.Build.0 = Release|x64
		{89FB9F20-DE18-4CA5-8908-1C510081C72B}.Release|x86.ActiveCfg = Release|Win32
		{89FB9F20-DE18-4CA5-8908-1C510081C72B}.Release|x86.Build.0 = Release|Win32
		{676123E8-853E-41EF-A7E6-B3C4E81CB518}.Debug|x64.ActiveCfg = Debug|x64
		{676123E8-853E-41EF-A7E6-B3C4E81CB518}.Debug|x64.Build.0 = Debug|x64
		{676123E8-853E-41EF-A7E6-B3C4E81CB518}.Debug|x86.ActiveCfg = Debug|Win32
		{676123E8-853E-41EF-A7E6-B3C4E81CB518}.Debug|x86.Build.0 = Debug|Win32
		{676123E8-853E-41EF-A7E6-B3C4E81CB518}.Release|x64.ActiveCfg = Release|x64
		{676123E8-853E-41EF-A7E6-B3C4E81CB518}.Release|x64.Build.0 = Release|x64
		{676123E8-853E-41EF-A7E6-B3C4E81CB518}.Release|x86.ActiveCfg = Release|Win32
		{676123E8-853E-41EF-A7E6-B3C4E81CB518}.Release|x86.Build.0 = Release|Win32
	EndGlobalSection
	GlobalSection(SolutionProperties) = preSolution
		HideSolutionNode = FALSE
	EndGlobalSection
	GlobalSection(ExtensibilityGlobals) = postSolution
		SolutionGuid = {2D03EBF2-A340-41E9-9359-446A5FF89AB1}
	EndGlobalSection
EndGlobal
